
Microsoft Visual Studio Solution File, Format Version 12.00
# Visual Studio Version 16
VisualStudioVersion = 16.0.31613.86
MinimumVisualStudioVersion = 10.0.40219.1
Project("{FAE04EC0-301F-11D3-BF4B-00C04F79EFBC}") = "ReferenceFinder", "ReferenceFinder.csproj", "{C975799A-20D7-4ADD-8A27-298880E58412}"
EndProject
Global
	GlobalSection(SolutionConfigurationPlatforms) = preSolution
		Debug|Any CPU = Debug|Any CPU
		Release|Any CPU = Release|Any CPU
	EndGlobalSection
	GlobalSection(ProjectConfigurationPlatforms) = postSolution
		{C975799A-20D7-4ADD-8A27-298880E58412}.Debug|Any CPU.ActiveCfg = Debug|Any CPU
		{C975799A-20D7-4ADD-8A27-298880E58412}.Debug|Any CPU.Build.0 = Debug|Any CPU
		{C975799A-20D7-4ADD-8A27-298880E58412}.Release|Any CPU.ActiveCfg = Release|Any CPU
		{C975799A-20D7-4ADD-8A27-298880E58412}.Release|Any CPU.Build.0 = Release|Any CPU
	EndGlobalSection
	GlobalSection(SolutionProperties) = preSolution
		HideSolutionNode = FALSE
	EndGlobalSection
	GlobalSection(ExtensibilityGlobals) = postSolution
		SolutionGuid = {352527A0-5D30-434C-AEB4-9A62F7D59552}
	EndGlobalSection
EndGlobal
